
Microsoft Visual Studio Solution File, Format Version 12.00
# Visual Studio Version 16
VisualStudioVersion = 16.0.30406.217
MinimumVisualStudioVersion = 10.0.40219.1
Project("{FAE04EC0-301F-11D3-BF4B-00C04F79EFBC}") = "Reactivities", "Reactivities\Reactivities.csproj", "{4E94070C-0D6B-47F0-8F94-87C35682DA4F}"
EndProject
Project("{FAE04EC0-301F-11D3-BF4B-00C04F79EFBC}") = "Domain", "Domain\Domain.csproj", "{066DBFF6-5E2E-429C-9CED-FBD6A6D753C4}"
EndProject
Project("{FAE04EC0-301F-11D3-BF4B-00C04F79EFBC}") = "Application", "Application\Application.csproj", "{1E0BCB5F-4653-44CD-A17A-7EB23D983262}"
EndProject
Project("{FAE04EC0-301F-11D3-BF4B-00C04F79EFBC}") = "Persistence", "Persistence\Persistence.csproj", "{8620BED6-8304-420F-891D-1B9A15C5E42C}"
EndProject
Project("{FAE04EC0-301F-11D3-BF4B-00C04F79EFBC}") = "API", "API\API.csproj", "{A1025941-5BCD-4A7F-A930-D5FA9B543BDE}"
EndProject
Global
	GlobalSection(SolutionConfigurationPlatforms) = preSolution
		Debug|Any CPU = Debug|Any CPU
		Release|Any CPU = Release|Any CPU
	EndGlobalSection
	GlobalSection(ProjectConfigurationPlatforms) = postSolution
		{4E94070C-0D6B-47F0-8F94-87C35682DA4F}.Debug|Any CPU.ActiveCfg = Debug|Any CPU
		{4E94070C-0D6B-47F0-8F94-87C35682DA4F}.Debug|Any CPU.Build.0 = Debug|Any CPU
		{4E94070C-0D6B-47F0-8F94-87C35682DA4F}.Release|Any CPU.ActiveCfg = Release|Any CPU
		{4E94070C-0D6B-47F0-8F94-87C35682DA4F}.Release|Any CPU.Build.0 = Release|Any CPU
		{066DBFF6-5E2E-429C-9CED-FBD6A6D753C4}.Debug|Any CPU.ActiveCfg = Debug|Any CPU
		{066DBFF6-5E2E-429C-9CED-FBD6A6D753C4}.Debug|Any CPU.Build.0 = Debug|Any CPU
		{066DBFF6-5E2E-429C-9CED-FBD6A6D753C4}.Release|Any CPU.ActiveCfg = Release|Any CPU
		{066DBFF6-5E2E-429C-9CED-FBD6A6D753C4}.Release|Any CPU.Build.0 = Release|Any CPU
		{1E0BCB5F-4653-44CD-A17A-7EB23D983262}.Debug|Any CPU.ActiveCfg = Debug|Any CPU
		{1E0BCB5F-4653-44CD-A17A-7EB23D983262}.Debug|Any CPU.Build.0 = Debug|Any CPU
		{1E0BCB5F-4653-44CD-A17A-7EB23D983262}.Release|Any CPU.ActiveCfg = Release|Any CPU
		{1E0BCB5F-4653-44CD-A17A-7EB23D983262}.Release|Any CPU.Build.0 = Release|Any CPU
		{8620BED6-8304-420F-891D-1B9A15C5E42C}.Debug|Any CPU.ActiveCfg = Debug|Any CPU
		{8620BED6-8304-420F-891D-1B9A15C5E42C}.Debug|Any CPU.Build.0 = Debug|Any CPU
		{8620BED6-8304-420F-891D-1B9A15C5E42C}.Release|Any CPU.ActiveCfg = Release|Any CPU
		{8620BED6-8304-420F-891D-1B9A15C5E42C}.Release|Any CPU.Build.0 = Release|Any CPU
		{A1025941-5BCD-4A7F-A930-D5FA9B543BDE}.Debug|Any CPU.ActiveCfg = Debug|Any CPU
		{A1025941-5BCD-4A7F-A930-D5FA9B543BDE}.Debug|Any CPU.Build.0 = Debug|Any CPU
		{A1025941-5BCD-4A7F-A930-D5FA9B543BDE}.Release|Any CPU.ActiveCfg = Release|Any CPU
		{A1025941-5BCD-4A7F-A930-D5FA9B543BDE}.Release|Any CPU.Build.0 = Release|Any CPU
	EndGlobalSection
	GlobalSection(SolutionProperties) = preSolution
		HideSolutionNode = FALSE
	EndGlobalSection
	GlobalSection(ExtensibilityGlobals) = postSolution
		SolutionGuid = {0A539E27-B193-4AB1-AD4E-7FF3CC4B6EED}
	EndGlobalSection
EndGlobal
